
Microsoft Visual Studio Solution File, Format Version 12.00
# Visual Studio Version 17
VisualStudioVersion = 17.3.32929.385
MinimumVisualStudioVersion = 10.0.40219.1
Project("{FAE04EC0-301F-11D3-BF4B-00C04F79EFBC}") = "Test3_Vinay_Arithmetic_Exceptions", "Test3_Vinay_Arithmetic_Exceptions\Test3_Vinay_Arithmetic_Exceptions.csproj", "{957EFCB4-EA4A-4CAC-8E18-D1D547C16DF1}"
EndProject
Global
	GlobalSection(SolutionConfigurationPlatforms) = preSolution
		Debug|Any CPU = Debug|Any CPU
		Release|Any CPU = Release|Any CPU
	EndGlobalSection
	GlobalSection(ProjectConfigurationPlatforms) = postSolution
		{957EFCB4-EA4A-4CAC-8E18-D1D547C16DF1}.Debug|Any CPU.ActiveCfg = Debug|Any CPU
		{957EFCB4-EA4A-4CAC-8E18-D1D547C16DF1}.Debug|Any CPU.Build.0 = Debug|Any CPU
		{957EFCB4-EA4A-4CAC-8E18-D1D547C16DF1}.Release|Any CPU.ActiveCfg = Release|Any CPU
		{957EFCB4-EA4A-4CAC-8E18-D1D547C16DF1}.Release|Any CPU.Build.0 = Release|Any CPU
	EndGlobalSection
	GlobalSection(SolutionProperties) = preSolution
		HideSolutionNode = FALSE
	EndGlobalSection
	GlobalSection(ExtensibilityGlobals) = postSolution
		SolutionGuid = {801464A7-3F82-426A-9FDA-05D1B7052BE8}
	EndGlobalSection
EndGlobal
